
Microsoft Visual Studio Solution File, Format Version 12.00
# Visual Studio Version 17
VisualStudioVersion = 17.9.34607.119
MinimumVisualStudioVersion = 10.0.40219.1
Project("{9A19103F-16F7-4668-BE54-9A1E7A4F7556}") = "CalcDG", "CalcDG.csproj", "{CC99D3A9-207B-49FB-AB88-7BFAB17D3B18}"
EndProject
Global
	GlobalSection(SolutionConfigurationPlatforms) = preSolution
		Debug|Any CPU = Debug|Any CPU
		Release|Any CPU = Release|Any CPU
	EndGlobalSection
	GlobalSection(ProjectConfigurationPlatforms) = postSolution
		{CC99D3A9-207B-49FB-AB88-7BFAB17D3B18}.Debug|Any CPU.ActiveCfg = Debug|Any CPU
		{CC99D3A9-207B-49FB-AB88-7BFAB17D3B18}.Debug|Any CPU.Build.0 = Debug|Any CPU
		{CC99D3A9-207B-49FB-AB88-7BFAB17D3B18}.Release|Any CPU.ActiveCfg = Release|Any CPU
		{CC99D3A9-207B-49FB-AB88-7BFAB17D3B18}.Release|Any CPU.Build.0 = Release|Any CPU
	EndGlobalSection
	GlobalSection(SolutionProperties) = preSolution
		HideSolutionNode = FALSE
	EndGlobalSection
	GlobalSection(ExtensibilityGlobals) = postSolution
		SolutionGuid = {9236B8E5-DE1F-4140-B86C-29B217BB07B5}
	EndGlobalSection
EndGlobal
